
Microsoft Visual Studio Solution File, Format Version 12.00
# Visual Studio 15
VisualStudioVersion = 15.0.26730.12
MinimumVisualStudioVersion = 10.0.40219.1
Project("{FAE04EC0-301F-11D3-BF4B-00C04F79EFBC}") = "Lab3v2", "Lab3v2\Lab3v2.csproj", "{A6AA03DA-DF5A-4F92-A797-E4BD50D55291}"
EndProject
Global
	GlobalSection(SolutionConfigurationPlatforms) = preSolution
		Debug|Any CPU = Debug|Any CPU
		Release|Any CPU = Release|Any CPU
	EndGlobalSection
	GlobalSection(ProjectConfigurationPlatforms) = postSolution
		{A6AA03DA-DF5A-4F92-A797-E4BD50D55291}.Debug|Any CPU.ActiveCfg = Debug|Any CPU
		{A6AA03DA-DF5A-4F92-A797-E4BD50D55291}.Debug|Any CPU.Build.0 = Debug|Any CPU
		{A6AA03DA-DF5A-4F92-A797-E4BD50D55291}.Release|Any CPU.ActiveCfg = Release|Any CPU
		{A6AA03DA-DF5A-4F92-A797-E4BD50D55291}.Release|Any CPU.Build.0 = Release|Any CPU
	EndGlobalSection
	GlobalSection(SolutionProperties) = preSolution
		HideSolutionNode = FALSE
	EndGlobalSection
	GlobalSection(ExtensibilityGlobals) = postSolution
		SolutionGuid = {F4BC7CB6-0B13-46ED-B18F-AC70C6AE4CEF}
	EndGlobalSection
EndGlobal
